
Microsoft Visual Studio Solution File, Format Version 12.00
# Visual Studio Version 17
VisualStudioVersion = 17.6.33815.320
MinimumVisualStudioVersion = 10.0.40219.1
Project("{2150E333-8FDC-42A3-9474-1A3956D46DE8}") = "src", "src", "{BD6B310A-56DF-4F26-B6D9-E28CD641494B}"
EndProject
Project("{FAE04EC0-301F-11D3-BF4B-00C04F79EFBC}") = "SagaPatternRabbitMQ.API", "src\SagaPatternRabbitMQ.API\SagaPatternRabbitMQ.API.csproj", "{91A3E774-872B-4828-B5BD-F0B13F4369DD}"
EndProject
Global
	GlobalSection(SolutionConfigurationPlatforms) = preSolution
		Debug|Any CPU = Debug|Any CPU
		Release|Any CPU = Release|Any CPU
	EndGlobalSection
	GlobalSection(ProjectConfigurationPlatforms) = postSolution
		{91A3E774-872B-4828-B5BD-F0B13F4369DD}.Debug|Any CPU.ActiveCfg = Debug|Any CPU
		{91A3E774-872B-4828-B5BD-F0B13F4369DD}.Debug|Any CPU.Build.0 = Debug|Any CPU
		{91A3E774-872B-4828-B5BD-F0B13F4369DD}.Release|Any CPU.ActiveCfg = Release|Any CPU
		{91A3E774-872B-4828-B5BD-F0B13F4369DD}.Release|Any CPU.Build.0 = Release|Any CPU
	EndGlobalSection
	GlobalSection(SolutionProperties) = preSolution
		HideSolutionNode = FALSE
	EndGlobalSection
	GlobalSection(NestedProjects) = preSolution
		{91A3E774-872B-4828-B5BD-F0B13F4369DD} = {BD6B310A-56DF-4F26-B6D9-E28CD641494B}
	EndGlobalSection
	GlobalSection(ExtensibilityGlobals) = postSolution
		SolutionGuid = {6AFACCB9-286C-430D-90B1-27BDD2F1B56C}
	EndGlobalSection
EndGlobal
